
Microsoft Visual Studio Solution File, Format Version 12.00
# Visual Studio Version 17
VisualStudioVersion = 17.3.32929.385
MinimumVisualStudioVersion = 10.0.40219.1
Project("{FAE04EC0-301F-11D3-BF4B-00C04F79EFBC}") = "HW_2_Type", "HW_2_Type\HW_2_Type.csproj", "{1032F032-DC59-4CBD-86C5-9640F2BD1ACF}"
EndProject
Global
	GlobalSection(SolutionConfigurationPlatforms) = preSolution
		Debug|Any CPU = Debug|Any CPU
		Release|Any CPU = Release|Any CPU
	EndGlobalSection
	GlobalSection(ProjectConfigurationPlatforms) = postSolution
		{1032F032-DC59-4CBD-86C5-9640F2BD1ACF}.Debug|Any CPU.ActiveCfg = Debug|Any CPU
		{1032F032-DC59-4CBD-86C5-9640F2BD1ACF}.Debug|Any CPU.Build.0 = Debug|Any CPU
		{1032F032-DC59-4CBD-86C5-9640F2BD1ACF}.Release|Any CPU.ActiveCfg = Release|Any CPU
		{1032F032-DC59-4CBD-86C5-9640F2BD1ACF}.Release|Any CPU.Build.0 = Release|Any CPU
	EndGlobalSection
	GlobalSection(SolutionProperties) = preSolution
		HideSolutionNode = FALSE
	EndGlobalSection
	GlobalSection(ExtensibilityGlobals) = postSolution
		SolutionGuid = {33CB5105-94CA-4880-A7F2-93F221E9C2FF}
	EndGlobalSection
EndGlobal
